
Microsoft Visual Studio Solution File, Format Version 12.00
# Visual Studio 15
VisualStudioVersion = 15.0.28307.136
MinimumVisualStudioVersion = 10.0.40219.1
Project("{FAE04EC0-301F-11D3-BF4B-00C04F79EFBC}") = "SGE", "SGE\SGE.csproj", "{855367FF-45D1-46ED-9B0C-B3605C0A5F8E}"
EndProject
Global
	GlobalSection(SolutionConfigurationPlatforms) = preSolution
		Debug|Any CPU = Debug|Any CPU
		Release|Any CPU = Release|Any CPU
	EndGlobalSection
	GlobalSection(ProjectConfigurationPlatforms) = postSolution
		{855367FF-45D1-46ED-9B0C-B3605C0A5F8E}.Debug|Any CPU.ActiveCfg = Debug|Any CPU
		{855367FF-45D1-46ED-9B0C-B3605C0A5F8E}.Debug|Any CPU.Build.0 = Debug|Any CPU
		{855367FF-45D1-46ED-9B0C-B3605C0A5F8E}.Release|Any CPU.ActiveCfg = Release|Any CPU
		{855367FF-45D1-46ED-9B0C-B3605C0A5F8E}.Release|Any CPU.Build.0 = Release|Any CPU
	EndGlobalSection
	GlobalSection(SolutionProperties) = preSolution
		HideSolutionNode = FALSE
	EndGlobalSection
	GlobalSection(ExtensibilityGlobals) = postSolution
		SolutionGuid = {AFBB8FD7-4943-4FFE-9E67-27A0403FEB80}
	EndGlobalSection
EndGlobal
